
Microsoft Visual Studio Solution File, Format Version 12.00
# Visual Studio Version 17
VisualStudioVersion = 17.1.32228.430
MinimumVisualStudioVersion = 10.0.40219.1
Project("{FAE04EC0-301F-11D3-BF4B-00C04F79EFBC}") = "NSBOutboxException", "NSBOutboxException\NSBOutboxException.csproj", "{0769258E-29CB-4E70-AAA3-D0449060A9EA}"
EndProject
Global
	GlobalSection(SolutionConfigurationPlatforms) = preSolution
		Debug|Any CPU = Debug|Any CPU
		Release|Any CPU = Release|Any CPU
	EndGlobalSection
	GlobalSection(ProjectConfigurationPlatforms) = postSolution
		{0769258E-29CB-4E70-AAA3-D0449060A9EA}.Debug|Any CPU.ActiveCfg = Debug|Any CPU
		{0769258E-29CB-4E70-AAA3-D0449060A9EA}.Debug|Any CPU.Build.0 = Debug|Any CPU
		{0769258E-29CB-4E70-AAA3-D0449060A9EA}.Release|Any CPU.ActiveCfg = Release|Any CPU
		{0769258E-29CB-4E70-AAA3-D0449060A9EA}.Release|Any CPU.Build.0 = Release|Any CPU
	EndGlobalSection
	GlobalSection(SolutionProperties) = preSolution
		HideSolutionNode = FALSE
	EndGlobalSection
	GlobalSection(ExtensibilityGlobals) = postSolution
		SolutionGuid = {E708851A-265F-48C4-8214-08755E143989}
	EndGlobalSection
EndGlobal
